
Microsoft Visual Studio Solution File, Format Version 12.00
# Visual Studio 2013
VisualStudioVersion = 12.0.31101.0
MinimumVisualStudioVersion = 10.0.40219.1
Project("{FAE04EC0-301F-11D3-BF4B-00C04F79EFBC}") = "DistanceCalculatorService", "DistanceCalculatorService\DistanceCalculatorService.csproj", "{240865B6-038B-460C-9B31-12DA818F62E4}"
EndProject
Project("{FAE04EC0-301F-11D3-BF4B-00C04F79EFBC}") = "DistanceCalculatorClient", "DistanceCalculatorClient\DistanceCalculatorClient.csproj", "{9D4BF092-DDF7-43E6-BE58-5CE3EF6DFECA}"
	ProjectSection(ProjectDependencies) = postProject
		{240865B6-038B-460C-9B31-12DA818F62E4} = {240865B6-038B-460C-9B31-12DA818F62E4}
	EndProjectSection
EndProject
Project("{FAE04EC0-301F-11D3-BF4B-00C04F79EFBC}") = "WebApplicationDistanceCalculator", "WebApplicationDistanceCalculator\WebApplicationDistanceCalculator.csproj", "{B0E7D0B1-BF3B-4723-9E6C-AA171F235E7F}"
EndProject
Project("{FAE04EC0-301F-11D3-BF4B-00C04F79EFBC}") = "DistanceCalculatorRESTClient", "DistanceCalculatorRESTClient\DistanceCalculatorRESTClient.csproj", "{BCC4B417-B39E-4283-8474-3C212E233AD9}"
EndProject
Global
	GlobalSection(SolutionConfigurationPlatforms) = preSolution
		Debug|Any CPU = Debug|Any CPU
		Release|Any CPU = Release|Any CPU
	EndGlobalSection
	GlobalSection(ProjectConfigurationPlatforms) = postSolution
		{240865B6-038B-460C-9B31-12DA818F62E4}.Debug|Any CPU.ActiveCfg = Debug|Any CPU
		{240865B6-038B-460C-9B31-12DA818F62E4}.Debug|Any CPU.Build.0 = Debug|Any CPU
		{240865B6-038B-460C-9B31-12DA818F62E4}.Release|Any CPU.ActiveCfg = Release|Any CPU
		{240865B6-038B-460C-9B31-12DA818F62E4}.Release|Any CPU.Build.0 = Release|Any CPU
		{9D4BF092-DDF7-43E6-BE58-5CE3EF6DFECA}.Debug|Any CPU.ActiveCfg = Debug|Any CPU
		{9D4BF092-DDF7-43E6-BE58-5CE3EF6DFECA}.Debug|Any CPU.Build.0 = Debug|Any CPU
		{9D4BF092-DDF7-43E6-BE58-5CE3EF6DFECA}.Release|Any CPU.ActiveCfg = Release|Any CPU
		{9D4BF092-DDF7-43E6-BE58-5CE3EF6DFECA}.Release|Any CPU.Build.0 = Release|Any CPU
		{B0E7D0B1-BF3B-4723-9E6C-AA171F235E7F}.Debug|Any CPU.ActiveCfg = Debug|Any CPU
		{B0E7D0B1-BF3B-4723-9E6C-AA171F235E7F}.Debug|Any CPU.Build.0 = Debug|Any CPU
		{B0E7D0B1-BF3B-4723-9E6C-AA171F235E7F}.Release|Any CPU.ActiveCfg = Release|Any CPU
		{B0E7D0B1-BF3B-4723-9E6C-AA171F235E7F}.Release|Any CPU.Build.0 = Release|Any CPU
		{BCC4B417-B39E-4283-8474-3C212E233AD9}.Debug|Any CPU.ActiveCfg = Debug|Any CPU
		{BCC4B417-B39E-4283-8474-3C212E233AD9}.Debug|Any CPU.Build.0 = Debug|Any CPU
		{BCC4B417-B39E-4283-8474-3C212E233AD9}.Release|Any CPU.ActiveCfg = Release|Any CPU
		{BCC4B417-B39E-4283-8474-3C212E233AD9}.Release|Any CPU.Build.0 = Release|Any CPU
	EndGlobalSection
	GlobalSection(SolutionProperties) = preSolution
		HideSolutionNode = FALSE
	EndGlobalSection
EndGlobal
