
Microsoft Visual Studio Solution File, Format Version 12.00
# Visual Studio 14
VisualStudioVersion = 14.0.23107.0
MinimumVisualStudioVersion = 10.0.40219.1
Project("{FAE04EC0-301F-11D3-BF4B-00C04F79EFBC}") = "SportSystem.Models", "SportSystem.Models\SportSystem.Models.csproj", "{7CDD4FA9-B7E6-4245-AF5D-8F92E938CD98}"
EndProject
Project("{FAE04EC0-301F-11D3-BF4B-00C04F79EFBC}") = "SportSystem.Data", "SportSystem.Data\SportSystem.Data.csproj", "{6F2D1405-D91A-47E6-9248-7773AEEDB4EA}"
EndProject
Project("{FAE04EC0-301F-11D3-BF4B-00C04F79EFBC}") = "SportSystem.App", "SportSystem.App\SportSystem.App.csproj", "{8C294C63-7D41-418F-B164-11F755065BC5}"
EndProject
Global
	GlobalSection(SolutionConfigurationPlatforms) = preSolution
		Debug|Any CPU = Debug|Any CPU
		Release|Any CPU = Release|Any CPU
	EndGlobalSection
	GlobalSection(ProjectConfigurationPlatforms) = postSolution
		{7CDD4FA9-B7E6-4245-AF5D-8F92E938CD98}.Debug|Any CPU.ActiveCfg = Debug|Any CPU
		{7CDD4FA9-B7E6-4245-AF5D-8F92E938CD98}.Debug|Any CPU.Build.0 = Debug|Any CPU
		{7CDD4FA9-B7E6-4245-AF5D-8F92E938CD98}.Release|Any CPU.ActiveCfg = Release|Any CPU
		{7CDD4FA9-B7E6-4245-AF5D-8F92E938CD98}.Release|Any CPU.Build.0 = Release|Any CPU
		{6F2D1405-D91A-47E6-9248-7773AEEDB4EA}.Debug|Any CPU.ActiveCfg = Debug|Any CPU
		{6F2D1405-D91A-47E6-9248-7773AEEDB4EA}.Debug|Any CPU.Build.0 = Debug|Any CPU
		{6F2D1405-D91A-47E6-9248-7773AEEDB4EA}.Release|Any CPU.ActiveCfg = Release|Any CPU
		{6F2D1405-D91A-47E6-9248-7773AEEDB4EA}.Release|Any CPU.Build.0 = Release|Any CPU
		{8C294C63-7D41-418F-B164-11F755065BC5}.Debug|Any CPU.ActiveCfg = Debug|Any CPU
		{8C294C63-7D41-418F-B164-11F755065BC5}.Debug|Any CPU.Build.0 = Debug|Any CPU
		{8C294C63-7D41-418F-B164-11F755065BC5}.Release|Any CPU.ActiveCfg = Release|Any CPU
		{8C294C63-7D41-418F-B164-11F755065BC5}.Release|Any CPU.Build.0 = Release|Any CPU
	EndGlobalSection
	GlobalSection(SolutionProperties) = preSolution
		HideSolutionNode = FALSE
	EndGlobalSection
EndGlobal
