
Microsoft Visual Studio Solution File, Format Version 12.00
# Visual Studio 14
VisualStudioVersion = 14.0.23107.0
MinimumVisualStudioVersion = 10.0.40219.1
Project("{FAE04EC0-301F-11D3-BF4B-00C04F79EFBC}") = "OnlineShop.Models", "OnlineShop.Models\OnlineShop.Models.csproj", "{611A97BC-2DDB-4E89-B31E-88E5DABAFDD4}"
EndProject
Project("{FAE04EC0-301F-11D3-BF4B-00C04F79EFBC}") = "OnlineShop.Data", "OnlineShop.Data\OnlineShop.Data.csproj", "{1E905BBC-C84D-4C23-A8F3-DDDD41F779C5}"
EndProject
Project("{FAE04EC0-301F-11D3-BF4B-00C04F79EFBC}") = "OnlineShop.Services", "OnlineShop.Services\OnlineShop.Services.csproj", "{C4900605-480F-4CFD-84E3-D373C927C4A0}"
EndProject
Project("{FAE04EC0-301F-11D3-BF4B-00C04F79EFBC}") = "OnlineShop.Tests", "OnlineShop.Tests\OnlineShop.Tests.csproj", "{A6605D1E-9528-466C-BF95-25CE30A2E111}"
EndProject
Global
	GlobalSection(SolutionConfigurationPlatforms) = preSolution
		Debug|Any CPU = Debug|Any CPU
		Release|Any CPU = Release|Any CPU
	EndGlobalSection
	GlobalSection(ProjectConfigurationPlatforms) = postSolution
		{611A97BC-2DDB-4E89-B31E-88E5DABAFDD4}.Debug|Any CPU.ActiveCfg = Debug|Any CPU
		{611A97BC-2DDB-4E89-B31E-88E5DABAFDD4}.Debug|Any CPU.Build.0 = Debug|Any CPU
		{611A97BC-2DDB-4E89-B31E-88E5DABAFDD4}.Release|Any CPU.ActiveCfg = Release|Any CPU
		{611A97BC-2DDB-4E89-B31E-88E5DABAFDD4}.Release|Any CPU.Build.0 = Release|Any CPU
		{1E905BBC-C84D-4C23-A8F3-DDDD41F779C5}.Debug|Any CPU.ActiveCfg = Debug|Any CPU
		{1E905BBC-C84D-4C23-A8F3-DDDD41F779C5}.Debug|Any CPU.Build.0 = Debug|Any CPU
		{1E905BBC-C84D-4C23-A8F3-DDDD41F779C5}.Release|Any CPU.ActiveCfg = Release|Any CPU
		{1E905BBC-C84D-4C23-A8F3-DDDD41F779C5}.Release|Any CPU.Build.0 = Release|Any CPU
		{C4900605-480F-4CFD-84E3-D373C927C4A0}.Debug|Any CPU.ActiveCfg = Debug|Any CPU
		{C4900605-480F-4CFD-84E3-D373C927C4A0}.Debug|Any CPU.Build.0 = Debug|Any CPU
		{C4900605-480F-4CFD-84E3-D373C927C4A0}.Release|Any CPU.ActiveCfg = Release|Any CPU
		{C4900605-480F-4CFD-84E3-D373C927C4A0}.Release|Any CPU.Build.0 = Release|Any CPU
		{A6605D1E-9528-466C-BF95-25CE30A2E111}.Debug|Any CPU.ActiveCfg = Debug|Any CPU
		{A6605D1E-9528-466C-BF95-25CE30A2E111}.Debug|Any CPU.Build.0 = Debug|Any CPU
		{A6605D1E-9528-466C-BF95-25CE30A2E111}.Release|Any CPU.ActiveCfg = Release|Any CPU
		{A6605D1E-9528-466C-BF95-25CE30A2E111}.Release|Any CPU.Build.0 = Release|Any CPU
	EndGlobalSection
	GlobalSection(SolutionProperties) = preSolution
		HideSolutionNode = FALSE
	EndGlobalSection
EndGlobal
