
Microsoft Visual Studio Solution File, Format Version 12.00
# Visual Studio 14
VisualStudioVersion = 14.0.23107.0
MinimumVisualStudioVersion = 10.0.40219.1
Project("{2150E333-8FDC-42A3-9474-1A3956D46DE8}") = "Data", "Data", "{AE7327B0-FB41-4520-8871-45C51A9AD79D}"
EndProject
Project("{2150E333-8FDC-42A3-9474-1A3956D46DE8}") = "External Libraries", "External Libraries", "{24296958-CEE4-40E8-99C3-E4CC03E2F377}"
EndProject
Project("{2150E333-8FDC-42A3-9474-1A3956D46DE8}") = "Tests", "Tests", "{4BE78AEB-E3CF-47DA-BC64-F94EB22C300E}"
EndProject
Project("{2150E333-8FDC-42A3-9474-1A3956D46DE8}") = "Web", "Web", "{0554BA29-B0CF-4183-B04E-DFBFDE54A11D}"
EndProject
Project("{FAE04EC0-301F-11D3-BF4B-00C04F79EFBC}") = "Twitter.MVC", "Twitter.MVC\Twitter.MVC.csproj", "{BC476691-4B50-47D7-B8E9-050C00A9D313}"
EndProject
Project("{FAE04EC0-301F-11D3-BF4B-00C04F79EFBC}") = "Twitter.Data", "Twitter.Data\Twitter.Data.csproj", "{64E71EC7-8D61-4BCF-AF2B-09D306FC6200}"
EndProject
Project("{FAE04EC0-301F-11D3-BF4B-00C04F79EFBC}") = "Twitter.Models", "Twitter.Models\Twitter.Models.csproj", "{6D475384-BC7D-4A70-9201-361CA9D6DEB4}"
EndProject
Global
	GlobalSection(SolutionConfigurationPlatforms) = preSolution
		Debug|Any CPU = Debug|Any CPU
		Release|Any CPU = Release|Any CPU
	EndGlobalSection
	GlobalSection(ProjectConfigurationPlatforms) = postSolution
		{BC476691-4B50-47D7-B8E9-050C00A9D313}.Debug|Any CPU.ActiveCfg = Debug|Any CPU
		{BC476691-4B50-47D7-B8E9-050C00A9D313}.Debug|Any CPU.Build.0 = Debug|Any CPU
		{BC476691-4B50-47D7-B8E9-050C00A9D313}.Release|Any CPU.ActiveCfg = Release|Any CPU
		{BC476691-4B50-47D7-B8E9-050C00A9D313}.Release|Any CPU.Build.0 = Release|Any CPU
		{64E71EC7-8D61-4BCF-AF2B-09D306FC6200}.Debug|Any CPU.ActiveCfg = Debug|Any CPU
		{64E71EC7-8D61-4BCF-AF2B-09D306FC6200}.Debug|Any CPU.Build.0 = Debug|Any CPU
		{64E71EC7-8D61-4BCF-AF2B-09D306FC6200}.Release|Any CPU.ActiveCfg = Release|Any CPU
		{64E71EC7-8D61-4BCF-AF2B-09D306FC6200}.Release|Any CPU.Build.0 = Release|Any CPU
		{6D475384-BC7D-4A70-9201-361CA9D6DEB4}.Debug|Any CPU.ActiveCfg = Debug|Any CPU
		{6D475384-BC7D-4A70-9201-361CA9D6DEB4}.Debug|Any CPU.Build.0 = Debug|Any CPU
		{6D475384-BC7D-4A70-9201-361CA9D6DEB4}.Release|Any CPU.ActiveCfg = Release|Any CPU
		{6D475384-BC7D-4A70-9201-361CA9D6DEB4}.Release|Any CPU.Build.0 = Release|Any CPU
	EndGlobalSection
	GlobalSection(SolutionProperties) = preSolution
		HideSolutionNode = FALSE
	EndGlobalSection
	GlobalSection(NestedProjects) = preSolution
		{BC476691-4B50-47D7-B8E9-050C00A9D313} = {0554BA29-B0CF-4183-B04E-DFBFDE54A11D}
		{64E71EC7-8D61-4BCF-AF2B-09D306FC6200} = {AE7327B0-FB41-4520-8871-45C51A9AD79D}
		{6D475384-BC7D-4A70-9201-361CA9D6DEB4} = {AE7327B0-FB41-4520-8871-45C51A9AD79D}
	EndGlobalSection
EndGlobal
